// !$*UTF8*$!
{
	archiveVersion = 1;
	classes = {
	};
	objectVersion = 48;
	objects = {

/* Begin PBXBuildFile section */
		26B159440A1B2D029929F622 /* Pods_Newsflash.framework in Frameworks */ = {isa = PBXBuildFile; fileRef = E954F88A21FAE63B1602AB98 /* Pods_Newsflash.framework */; };
		C7FDA5442032BD1600187B57 /* AppDelegate.swift in Sources */ = {isa = PBXBuildFile; fileRef = C7FDA5432032BD1600187B57 /* AppDelegate.swift */; };
		C7FDA5462032BD1600187B57 /* ViewController.swift in Sources */ = {isa = PBXBuildFile; fileRef = C7FDA5452032BD1600187B57 /* ViewController.swift */; };
		C7FDA5492032BD1600187B57 /* Main.storyboard in Resources */ = {isa = PBXBuildFile; fileRef = C7FDA5472032BD1600187B57 /* Main.storyboard */; };
		C7FDA54B2032BD1600187B57 /* Assets.xcassets in Resources */ = {isa = PBXBuildFile; fileRef = C7FDA54A2032BD1600187B57 /* Assets.xcassets */; };
		C7FDA54E2032BD1600187B57 /* LaunchScreen.storyboard in Resources */ = {isa = PBXBuildFile; fileRef = C7FDA54C2032BD1600187B57 /* LaunchScreen.storyboard */; };
/* End PBXBuildFile section */

/* Begin PBXFileReference section */
		55E29AF8B60F3E3A9365DE2B /* Pods-Newsflash.release.xcconfig */ = {isa = PBXFileReference; includeInIndex = 1; lastKnownFileType = text.xcconfig; name = "Pods-Newsflash.release.xcconfig"; path = "Pods/Target Support Files/Pods-Newsflash/Pods-Newsflash.release.xcconfig"; sourceTree = "<group>"; };
		C7FDA5402032BD1600187B57 /* Newsflash.app */ = {isa = PBXFileReference; explicitFileType = wrapper.application; includeInIndex = 0; path = Newsflash.app; sourceTree = BUILT_PRODUCTS_DIR; };
		C7FDA5432032BD1600187B57 /* AppDelegate.swift */ = {isa = PBXFileReference; lastKnownFileType = sourcecode.swift; path = AppDelegate.swift; sourceTree = "<group>"; };
		C7FDA5452032BD1600187B57 /* ViewController.swift */ = {isa = PBXFileReference; lastKnownFileType = sourcecode.swift; path = ViewController.swift; sourceTree = "<group>"; };
		C7FDA5482032BD1600187B57 /* Base */ = {isa = PBXFileReference; lastKnownFileType = file.storyboard; name = Base; path = Base.lproj/Main.storyboard; sourceTree = "<group>"; };
		C7FDA54A2032BD1600187B57 /* Assets.xcassets */ = {isa = PBXFileReference; lastKnownFileType = folder.assetcatalog; path = Assets.xcassets; sourceTree = "<group>"; };
		C7FDA54D2032BD1600187B57 /* Base */ = {isa = PBXFileReference; lastKnownFileType = file.storyboard; name = Base; path = Base.lproj/LaunchScreen.storyboard; sourceTree = "<group>"; };
		C7FDA54F2032BD1600187B57 /* Info.plist */ = {isa = PBXFileReference; lastKnownFileType = text.plist.xml; path = Info.plist; sourceTree = "<group>"; };
		CDA947D458A03EEAB989189A /* Pods-Newsflash.debug.xcconfig */ = {isa = PBXFileReference; includeInIndex = 1; lastKnownFileType = text.xcconfig; name = "Pods-Newsflash.debug.xcconfig"; path = "Pods/Target Support Files/Pods-Newsflash/Pods-Newsflash.debug.xcconfig"; sourceTree = "<group>"; };
		E954F88A21FAE63B1602AB98 /* Pods_Newsflash.framework */ = {isa = PBXFileReference; explicitFileType = wrapper.framework; includeInIndex = 0; path = Pods_Newsflash.framework; sourceTree = BUILT_PRODUCTS_DIR; };
/* End PBXFileReference section */

/* Begin PBXFrameworksBuildPhase section */
		C7FDA53D2032BD1600187B57 /* Frameworks */ = {
			isa = PBXFrameworksBuildPhase;
			buildActionMask = 2147483647;
			files = (
				26B159440A1B2D029929F622 /* Pods_Newsflash.framework in Frameworks */,
			);
			runOnlyForDeploymentPostprocessing = 0;
		};
/* End PBXFrameworksBuildPhase section */

/* Begin PBXGroup section */
		51BAEEBBCBFAA5AD056D5A54 /* Frameworks */ = {
			isa = PBXGroup;
			children = (
				E954F88A21FAE63B1602AB98 /* Pods_Newsflash.framework */,
			);
			name = Frameworks;
			sourceTree = "<group>";
		};
		6CCA648054A56AC3ADEADD60 /* Pods */ = {
			isa = PBXGroup;
			children = (
				CDA947D458A03EEAB989189A /* Pods-Newsflash.debug.xcconfig */,
				55E29AF8B60F3E3A9365DE2B /* Pods-Newsflash.release.xcconfig */,
			);
			name = Pods;
			sourceTree = "<group>";
		};
		C7FDA5372032BD1600187B57 = {
			isa = PBXGroup;
			children = (
				C7FDA5422032BD1600187B57 /* Newsflash */,
				C7FDA5412032BD1600187B57 /* Products */,
				6CCA648054A56AC3ADEADD60 /* Pods */,
				51BAEEBBCBFAA5AD056D5A54 /* Frameworks */,
			);
			sourceTree = "<group>";
		};
		C7FDA5412032BD1600187B57 /* Products */ = {
			isa = PBXGroup;
			children = (
				C7FDA5402032BD1600187B57 /* Newsflash.app */,
			);
			name = Products;
			sourceTree = "<group>";
		};
		C7FDA5422032BD1600187B57 /* Newsflash */ = {
			isa = PBXGroup;
			children = (
				C7FDA5432032BD1600187B57 /* AppDelegate.swift */,
				C7FDA5452032BD1600187B57 /* ViewController.swift */,
				C7FDA5472032BD1600187B57 /* Main.storyboard */,
				C7FDA54A2032BD1600187B57 /* Assets.xcassets */,
				C7FDA54C2032BD1600187B57 /* LaunchScreen.storyboard */,
				C7FDA54F2032BD1600187B57 /* Info.plist */,
			);
			path = Newsflash;
			sourceTree = "<group>";
		};
/* End PBXGroup section */

/* Begin PBXNativeTarget section */
		C7FDA53F2032BD1600187B57 /* Newsflash */ = {
			isa = PBXNativeTarget;
			buildConfigurationList = C7FDA5522032BD1600187B57 /* Build configuration list for PBXNativeTarget "Newsflash" */;
			buildPhases = (
				994E3998B694E8DFE42E59B4 /* [CP] Check Pods Manifest.lock */,
				C7FDA53C2032BD1600187B57 /* Sources */,
				C7FDA53D2032BD1600187B57 /* Frameworks */,
				C7FDA53E2032BD1600187B57 /* Resources */,
				0848FB3F856D30CD1CD5F92A /* [CP] Embed Pods Frameworks */,
				A67E33AEAEB4906322495985 /* [CP] Copy Pods Resources */,
			);
			buildRules = (
			);
			dependencies = (
			);
			name = Newsflash;
			productName = Newsflash;
			productReference = C7FDA5402032BD1600187B57 /* Newsflash.app */;
			productType = "com.apple.product-type.application";
		};
/* End PBXNativeTarget section */

/* Begin PBXProject section */
		C7FDA5382032BD1600187B57 /* Project object */ = {
			isa = PBXProject;
			attributes = {
				LastSwiftUpdateCheck = 0920;
				LastUpgradeCheck = 0920;
				ORGANIZATIONNAME = "Vittal Pai";
				TargetAttributes = {
					C7FDA53F2032BD1600187B57 = {
						CreatedOnToolsVersion = 9.2;
						ProvisioningStyle = Automatic;
					};
				};
			};
			buildConfigurationList = C7FDA53B2032BD1600187B57 /* Build configuration list for PBXProject "Newsflash" */;
			compatibilityVersion = "Xcode 8.0";
			developmentRegion = en;
			hasScannedForEncodings = 0;
			knownRegions = (
				en,
				Base,
			);
			mainGroup = C7FDA5372032BD1600187B57;
			productRefGroup = C7FDA5412032BD1600187B57 /* Products */;
			projectDirPath = "";
			projectRoot = "";
			targets = (
				C7FDA53F2032BD1600187B57 /* Newsflash */,
			);
		};
/* End PBXProject section */

/* Begin PBXResourcesBuildPhase section */
		C7FDA53E2032BD1600187B57 /* Resources */ = {
			isa = PBXResourcesBuildPhase;
			buildActionMask = 2147483647;
			files = (
				C7FDA54E2032BD1600187B57 /* LaunchScreen.storyboard in Resources */,
				C7FDA54B2032BD1600187B57 /* Assets.xcassets in Resources */,
				C7FDA5492032BD1600187B57 /* Main.storyboard in Resources */,
			);
			runOnlyForDeploymentPostprocessing = 0;
		};
/* End PBXResourcesBuildPhase section */

/* Begin PBXShellScriptBuildPhase section */
		0848FB3F856D30CD1CD5F92A /* [CP] Embed Pods Frameworks */ = {
			isa = PBXShellScriptBuildPhase;
			buildActionMask = 2147483647;
			files = (
			);
			inputPaths = (
				"${SRCROOT}/Pods/Target Support Files/Pods-Newsflash/Pods-Newsflash-frameworks.sh",
				"${BUILT_PRODUCTS_DIR}/Alamofire/Alamofire.framework",
				"${BUILT_PRODUCTS_DIR}/Kingfisher/Kingfisher.framework",
				"${BUILT_PRODUCTS_DIR}/SnapKit/SnapKit.framework",
				"${BUILT_PRODUCTS_DIR}/SwiftyJSON/SwiftyJSON.framework",
			);
			name = "[CP] Embed Pods Frameworks";
			outputPaths = (
				"${TARGET_BUILD_DIR}/${FRAMEWORKS_FOLDER_PATH}/Alamofire.framework",
				"${TARGET_BUILD_DIR}/${FRAMEWORKS_FOLDER_PATH}/Kingfisher.framework",
				"${TARGET_BUILD_DIR}/${FRAMEWORKS_FOLDER_PATH}/SnapKit.framework",
				"${TARGET_BUILD_DIR}/${FRAMEWORKS_FOLDER_PATH}/SwiftyJSON.framework",
			);
			runOnlyForDeploymentPostprocessing = 0;
			shellPath = /bin/sh;
			shellScript = "\"${SRCROOT}/Pods/Target Support Files/Pods-Newsflash/Pods-Newsflash-frameworks.sh\"\n";
			showEnvVarsInLog = 0;
		};
		994E3998B694E8DFE42E59B4 /* [CP] Check Pods Manifest.lock */ = {
			isa = PBXShellScriptBuildPhase;
			buildActionMask = 2147483647;
			files = (
			);
			inputPaths = (
				"${PODS_PODFILE_DIR_PATH}/Podfile.lock",
				"${PODS_ROOT}/Manifest.lock",
			);
			name = "[CP] Check Pods Manifest.lock";
			outputPaths = (
				"$(DERIVED_FILE_DIR)/Pods-Newsflash-checkManifestLockResult.txt",
			);
			runOnlyForDeploymentPostprocessing = 0;
			shellPath = /bin/sh;
			shellScript = "diff \"${PODS_PODFILE_DIR_PATH}/Podfile.lock\" \"${PODS_ROOT}/Manifest.lock\" > /dev/null\nif [ $? != 0 ] ; then\n    # print error to STDERR\n    echo \"error: The sandbox is not in sync with the Podfile.lock. Run 'pod install' or update your CocoaPods installation.\" >&2\n    exit 1\nfi\n# This output is used by Xcode 'outputs' to avoid re-running this script phase.\necho \"SUCCESS\" > \"${SCRIPT_OUTPUT_FILE_0}\"\n";
			showEnvVarsInLog = 0;
		};
		A67E33AEAEB4906322495985 /* [CP] Copy Pods Resources */ = {
			isa = PBXShellScriptBuildPhase;
			buildActionMask = 2147483647;
			files = (
			);
			inputPaths = (
			);
			name = "[CP] Copy Pods Resources";
			outputPaths = (
			);
			runOnlyForDeploymentPostprocessing = 0;
			shellPath = /bin/sh;
			shellScript = "\"${SRCROOT}/Pods/Target Support Files/Pods-Newsflash/Pods-Newsflash-resources.sh\"\n";
			showEnvVarsInLog = 0;
		};
/* End PBXShellScriptBuildPhase section */

/* Begin PBXSourcesBuildPhase section */
		C7FDA53C2032BD1600187B57 /* Sources */ = {
			isa = PBXSourcesBuildPhase;
			buildActionMask = 2147483647;
			files = (
				C7FDA5462032BD1600187B57 /* ViewController.swift in Sources */,
				C7FDA5442032BD1600187B57 /* AppDelegate.swift in Sources */,
			);
			runOnlyForDeploymentPostprocessing = 0;
		};
/* End PBXSourcesBuildPhase section */

/* Begin PBXVariantGroup section */
		C7FDA5472032BD1600187B57 /* Main.storyboard */ = {
			isa = PBXVariantGroup;
			children = (
				C7FDA5482032BD1600187B57 /* Base */,
			);
			name = Main.storyboard;
			sourceTree = "<group>";
		};
		C7FDA54C2032BD1600187B57 /* LaunchScreen.storyboard */ = {
			isa = PBXVariantGroup;
			children = (
				C7FDA54D2032BD1600187B57 /* Base */,
			);
			name = LaunchScreen.storyboard;
			sourceTree = "<group>";
		};
/* End PBXVariantGroup section */

/* Begin XCBuildConfiguration section */
		C7FDA5502032BD1600187B57 /* Debug */ = {
			isa = XCBuildConfiguration;
			buildSettings = {
				ALWAYS_SEARCH_USER_PATHS = NO;
				CLANG_ANALYZER_NONNULL = YES;
				CLANG_ANALYZER_NUMBER_OBJECT_CONVERSION = YES_AGGRESSIVE;
				CLANG_CXX_LANGUAGE_STANDARD = "gnu++14";
				CLANG_CXX_LIBRARY = "libc++";
				CLANG_ENABLE_MODULES = YES;
				CLANG_ENABLE_OBJC_ARC = YES;
				CLANG_WARN_BLOCK_CAPTURE_AUTORELEASING = YES;
				CLANG_WARN_BOOL_CONVERSION = YES;
				CLANG_WARN_COMMA = YES;
				CLANG_WARN_CONSTANT_CONVERSION = YES;
				CLANG_WARN_DIRECT_OBJC_ISA_USAGE = YES_ERROR;
				CLANG_WARN_DOCUMENTATION_COMMENTS = YES;
				CLANG_WARN_EMPTY_BODY = YES;
				CLANG_WARN_ENUM_CONVERSION = YES;
				CLANG_WARN_INFINITE_RECURSION = YES;
				CLANG_WARN_INT_CONVERSION = YES;
				CLANG_WARN_NON_LITERAL_NULL_CONVERSION = YES;
				CLANG_WARN_OBJC_LITERAL_CONVERSION = YES;
				CLANG_WARN_OBJC_ROOT_CLASS = YES_ERROR;
				CLANG_WARN_RANGE_LOOP_ANALYSIS = YES;
				CLANG_WARN_STRICT_PROTOTYPES = YES;
				CLANG_WARN_SUSPICIOUS_MOVE = YES;
				CLANG_WARN_UNGUARDED_AVAILABILITY = YES_AGGRESSIVE;
				CLANG_WARN_UNREACHABLE_CODE = YES;
				CLANG_WARN__DUPLICATE_METHOD_MATCH = YES;
				CODE_SIGN_IDENTITY = "iPhone Developer";
				COPY_PHASE_STRIP = NO;
				DEBUG_INFORMATION_FORMAT = dwarf;
				ENABLE_STRICT_OBJC_MSGSEND = YES;
				ENABLE_TESTABILITY = YES;
				GCC_C_LANGUAGE_STANDARD = gnu11;
				GCC_DYNAMIC_NO_PIC = NO;
				GCC_NO_COMMON_BLOCKS = YES;
				GCC_OPTIMIZATION_LEVEL = 0;
				GCC_PREPROCESSOR_DEFINITIONS = (
					"DEBUG=1",
					"$(inherited)",
				);
				GCC_WARN_64_TO_32_BIT_CONVERSION = YES;
				GCC_WARN_ABOUT_RETURN_TYPE = YES_ERROR;
				GCC_WARN_UNDECLARED_SELECTOR = YES;
				GCC_WARN_UNINITIALIZED_AUTOS = YES_AGGRESSIVE;
				GCC_WARN_UNUSED_FUNCTION = YES;
				GCC_WARN_UNUSED_VARIABLE = YES;
				IPHONEOS_DEPLOYMENT_TARGET = 11.2;
				MTL_ENABLE_DEBUG_INFO = YES;
				ONLY_ACTIVE_ARCH = YES;
				SDKROOT = iphoneos;
				SWIFT_ACTIVE_COMPILATION_CONDITIONS = DEBUG;
				SWIFT_OPTIMIZATION_LEVEL = "-Onone";
			};
			name = Debug;
		};
		C7FDA5512032BD1600187B57 /* Release */ = {
			isa = XCBuildConfiguration;
			buildSettings = {
				ALWAYS_SEARCH_USER_PATHS = NO;
				CLANG_ANALYZER_NONNULL = YES;
				CLANG_ANALYZER_NUMBER_OBJECT_CONVERSION = YES_AGGRESSIVE;
				CLANG_CXX_LANGUAGE_STANDARD = "gnu++14";
				CLANG_CXX_LIBRARY = "libc++";
				CLANG_ENABLE_MODULES = YES;
				CLANG_ENABLE_OBJC_ARC = YES;
				CLANG_WARN_BLOCK_CAPTURE_AUTORELEASING = YES;
				CLANG_WARN_BOOL_CONVERSION = YES;
				CLANG_WARN_COMMA = YES;
				CLANG_WARN_CONSTANT_CONVERSION = YES;
				CLANG_WARN_DIRECT_OBJC_ISA_USAGE = YES_ERROR;
				CLANG_WARN_DOCUMENTATION_COMMENTS = YES;
				CLANG_WARN_EMPTY_BODY = YES;
				CLANG_WARN_ENUM_CONVERSION = YES;
				CLANG_WARN_INFINITE_RECURSION = YES;
				CLANG_WARN_INT_CONVERSION = YES;
				CLANG_WARN_NON_LITERAL_NULL_CONVERSION = YES;
				CLANG_WARN_OBJC_LITERAL_CONVERSION = YES;
				CLANG_WARN_OBJC_ROOT_CLASS = YES_ERROR;
				CLANG_WARN_RANGE_LOOP_ANALYSIS = YES;
				CLANG_WARN_STRICT_PROTOTYPES = YES;
				CLANG_WARN_SUSPICIOUS_MOVE = YES;
				CLANG_WARN_UNGUARDED_AVAILABILITY = YES_AGGRESSIVE;
				CLANG_WARN_UNREACHABLE_CODE = YES;
				CLANG_WARN__DUPLICATE_METHOD_MATCH = YES;
				CODE_SIGN_IDENTITY = "iPhone Developer";
				COPY_PHASE_STRIP = NO;
				DEBUG_INFORMATION_FORMAT = "dwarf-with-dsym";
				ENABLE_NS_ASSERTIONS = NO;
				ENABLE_STRICT_OBJC_MSGSEND = YES;
				GCC_C_LANGUAGE_STANDARD = gnu11;
				GCC_NO_COMMON_BLOCKS = YES;
				GCC_WARN_64_TO_32_BIT_CONVERSION = YES;
				GCC_WARN_ABOUT_RETURN_TYPE = YES_ERROR;
				GCC_WARN_UNDECLARED_SELECTOR = YES;
				GCC_WARN_UNINITIALIZED_AUTOS = YES_AGGRESSIVE;
				GCC_WARN_UNUSED_FUNCTION = YES;
				GCC_WARN_UNUSED_VARIABLE = YES;
				IPHONEOS_DEPLOYMENT_TARGET = 11.2;
				MTL_ENABLE_DEBUG_INFO = NO;
				SDKROOT = iphoneos;
				SWIFT_OPTIMIZATION_LEVEL = "-Owholemodule";
				VALIDATE_PRODUCT = YES;
			};
			name = Release;
		};
		C7FDA5532032BD1600187B57 /* Debug */ = {
			isa = XCBuildConfiguration;
			baseConfigurationReference = CDA947D458A03EEAB989189A /* Pods-Newsflash.debug.xcconfig */;
			buildSettings = {
				ASSETCATALOG_COMPILER_APPICON_NAME = AppIcon;
				CODE_SIGN_STYLE = Automatic;
				DEVELOPMENT_TEAM = TN6YQNGLXP;
				INFOPLIST_FILE = Newsflash/Info.plist;
				LD_RUNPATH_SEARCH_PATHS = "$(inherited) @executable_path/Frameworks";
				PRODUCT_BUNDLE_IDENTIFIER = com.ibm.Newsflash;
				PRODUCT_NAME = "$(TARGET_NAME)";
				SWIFT_VERSION = 4.0;
				TARGETED_DEVICE_FAMILY = "1,2";
			};
			name = Debug;
		};
		C7FDA5542032BD1600187B57 /* Release */ = {
			isa = XCBuildConfiguration;
			baseConfigurationReference = 55E29AF8B60F3E3A9365DE2B /* Pods-Newsflash.release.xcconfig */;
			buildSettings = {
				ASSETCATALOG_COMPILER_APPICON_NAME = AppIcon;
				CODE_SIGN_STYLE = Automatic;
				DEVELOPMENT_TEAM = TN6YQNGLXP;
				INFOPLIST_FILE = Newsflash/Info.plist;
				LD_RUNPATH_SEARCH_PATHS = "$(inherited) @executable_path/Frameworks";
				PRODUCT_BUNDLE_IDENTIFIER = com.ibm.Newsflash;
				PRODUCT_NAME = "$(TARGET_NAME)";
				SWIFT_VERSION = 4.0;
				TARGETED_DEVICE_FAMILY = "1,2";
			};
			name = Release;
		};
/* End XCBuildConfiguration section */

/* Begin XCConfigurationList section */
		C7FDA53B2032BD1600187B57 /* Build configuration list for PBXProject "Newsflash" */ = {
			isa = XCConfigurationList;
			buildConfigurations = (
				C7FDA5502032BD1600187B57 /* Debug */,
				C7FDA5512032BD1600187B57 /* Release */,
			);
			defaultConfigurationIsVisible = 0;
			defaultConfigurationName = Release;
		};
		C7FDA5522032BD1600187B57 /* Build configuration list for PBXNativeTarget "Newsflash" */ = {
			isa = XCConfigurationList;
			buildConfigurations = (
				C7FDA5532032BD1600187B57 /* Debug */,
				C7FDA5542032BD1600187B57 /* Release */,
			);
			defaultConfigurationIsVisible = 0;
			defaultConfigurationName = Release;
		};
/* End XCConfigurationList section */
	};
	rootObject = C7FDA5382032BD1600187B57 /* Project object */;
}
